{
    "_readme": [
        "This file locks the dependencies of your project to a known state",
        "Read more about it at https://getcomposer.org/doc/01-basic-usage.md#composer-lock-the-lock-file",
        "This file is @generated automatically"
    ],
    "hash": "32c467edf64063490564e49836c3172e",
    "content-hash": "547b2d610cc4c9aeed4ef1be32242ede",
    "packages": [],
    "packages-dev": [
        {
            "name": "geerlingguy/drupal-vm",
            "version": "4.2.1",
            "source": {
                "type": "git",
                "url": "https://github.com/geerlingguy/drupal-vm.git",
                "reference": "efefdb497ac5ecf4e375bdd1e5d8982f98a0b0ce"
            },
            "dist": {
                "type": "zip",
                "url": "https://api.github.com/repos/geerlingguy/drupal-vm/zipball/efefdb497ac5ecf4e375bdd1e5d8982f98a0b0ce",
                "reference": "efefdb497ac5ecf4e375bdd1e5d8982f98a0b0ce",
                "shasum": ""
            },
            "type": "vm",
            "notification-url": "https://packagist.org/downloads/",
            "license": [
                "MIT"
            ],
            "authors": [
                {
                    "name": "Jeff Geerling",
                    "homepage": "http://www.jeffgeerling.com"
                },
                {
                    "name": "Oskar Schöldström",
                    "homepage": "http://oxy.fi"
                }
            ],
            "description": "A VM for local Drupal development, built with Vagrant + Ansible",
            "homepage": "https://www.drupalvm.com",
            "keywords": [
                "drupal",
                "vagrant",
                "virtual machine",
                "vm"
            ],
            "time": "2017-02-09 03:50:18"
        }
    ],
    "aliases": [],
    "minimum-stability": "stable",
    "stability-flags": [],
    "prefer-stable": false,
    "prefer-lowest": false,
    "platform": [],
    "platform-dev": []
}
